<?xml version="1.0" encoding="utf-8"?>
<Project ToolsVersion="4.0" xmlns="http://schemas.microsoft.com/developer/msbuild/2003">
  <ItemGroup>
    <Filter Include="Source Files">
      <UniqueIdentifier>{4FC737F1-C7A5-4376-A066-2A32D752A2FF}</UniqueIdentifier>
      <Extensions>cpp;c;cc;cxx;c++;cppm;ixx;def;odl;idl;hpj;bat;asm;asmx</Extensions>
    </Filter>
    <Filter Include="Header Files">
      <UniqueIdentifier>{93995380-89BD-4b04-88EB-625FBE52EBFB}</UniqueIdentifier>
      <Extensions>h;hh;hpp;hxx;h++;hm;inl;inc;ipp;xsd</Extensions>
    </Filter>
    <Filter Include="Resource Files">
      <UniqueIdentifier>{67DA6AB6-F800-4c08-8B7A-83BB121AAD01}</UniqueIdentifier>
      <Extensions>rc;ico;cur;bmp;dlg;rc2;rct;bin;rgs;gif;jpg;jpeg;jpe;resx;tiff;tif;png;wav;mfcribbon-ms</Extensions>
    </Filter>
    <Filter Include="Header Files\Stack">
      <UniqueIdentifier>{4a6eaa68-8ce8-42e8-9602-3f77b48a8590}</UniqueIdentifier>
    </Filter>
    <Filter Include="Header Files\Queue">
      <UniqueIdentifier>{d4e67c16-0c5f-41f8-9248-51a68ff436e4}</UniqueIdentifier>
    </Filter>
    <Filter Include="Header Files\Linked List">
      <UniqueIdentifier>{ee57f912-e966-4cbe-a611-2366650357dc}</UniqueIdentifier>
    </Filter>
    <Filter Include="Header Files\Array">
      <UniqueIdentifier>{db85e105-f89f-4b8c-b2c5-2bd5c09c58f2}</UniqueIdentifier>
    </Filter>
    <Filter Include="Header Files\Circular">
      <UniqueIdentifier>{59d096f6-1e1d-40b4-a95f-406720b2011d}</UniqueIdentifier>
    </Filter>
    <Filter Include="Header Files\Tree">
      <UniqueIdentifier>{c9b877d8-890f-4834-a900-b16ebafb0452}</UniqueIdentifier>
    </Filter>
    <Filter Include="Header Files\Hash">
      <UniqueIdentifier>{a711d15c-e7c5-432b-8e15-7bfc56af2838}</UniqueIdentifier>
    </Filter>
    <Filter Include="Header Files\Heap">
      <UniqueIdentifier>{8f0f021d-bcc5-49d3-86c2-19bbf73eebbc}</UniqueIdentifier>
    </Filter>
    <Filter Include="Header Files\Basic Graph">
      <UniqueIdentifier>{6770ddf0-4693-4531-857e-0ae7c6ef4ae8}</UniqueIdentifier>
    </Filter>
    <Filter Include="Header Files\Trie">
      <UniqueIdentifier>{fe96bdc0-93dc-4287-9bf8-5deaf9ed4157}</UniqueIdentifier>
    </Filter>
    <Filter Include="Header Files\Union Find">
      <UniqueIdentifier>{e65cdda9-0af9-419b-8229-19eb797828cb}</UniqueIdentifier>
    </Filter>
    <Filter Include="Header Files\Graph traversal">
      <UniqueIdentifier>{cbc9feda-64d7-4b5c-8b75-1fa48aa75708}</UniqueIdentifier>
    </Filter>
  </ItemGroup>
  <ItemGroup>
    <ClCompile Include="Taske_1_da.cpp">
      <Filter>Source Files</Filter>
    </ClCompile>
  </ItemGroup>
  <ItemGroup>
    <ClInclude Include="Node.h">
      <Filter>Header Files</Filter>
    </ClInclude>
    <ClInclude Include="StackArray.h">
      <Filter>Header Files\Stack</Filter>
    </ClInclude>
    <ClInclude Include="StackLinkedList.h">
      <Filter>Header Files\Stack</Filter>
    </ClInclude>
    <ClInclude Include="QueueArray.h">
      <Filter>Header Files\Queue</Filter>
    </ClInclude>
    <ClInclude Include="QueueLinkedList.h">
      <Filter>Header Files\Queue</Filter>
    </ClInclude>
    <ClInclude Include="singleLinkedList.h">
      <Filter>Header Files\Linked List</Filter>
    </ClInclude>
    <ClInclude Include="array.h">
      <Filter>Header Files\Array</Filter>
    </ClInclude>
    <ClInclude Include="DoublyLinkedList.h">
      <Filter>Header Files\Linked List</Filter>
    </ClInclude>
    <ClInclude Include="CircularLinkedList.h">
      <Filter>Header Files\Circular</Filter>
    </ClInclude>
    <ClInclude Include="QueueArrayCircular.h">
      <Filter>Header Files\Queue</Filter>
    </ClInclude>
    <ClInclude Include="BinarySearchTree.h">
      <Filter>Header Files\Tree</Filter>
    </ClInclude>
    <ClInclude Include="BinaryTree.h">
      <Filter>Header Files\Tree</Filter>
    </ClInclude>
    <ClInclude Include="HashArray.h">
      <Filter>Header Files\Hash</Filter>
    </ClInclude>
    <ClInclude Include="Hash.h">
      <Filter>Header Files\Hash</Filter>
    </ClInclude>
    <ClInclude Include="Heap.h">
      <Filter>Header Files\Heap</Filter>
    </ClInclude>
    <ClInclude Include="BasicGraph.h">
      <Filter>Header Files\Basic Graph</Filter>
    </ClInclude>
    <ClInclude Include="Trie.h">
      <Filter>Header Files\Trie</Filter>
    </ClInclude>
    <ClInclude Include="DisjointSet.h">
      <Filter>Header Files\Union Find</Filter>
    </ClInclude>
    <ClInclude Include="Graph.h">
      <Filter>Header Files\Graph traversal</Filter>
    </ClInclude>
  </ItemGroup>
</Project>